# This file was autogenerated by Stack.
# You should not edit this file by hand.
# For more information, please see the documentation at:
#   https://docs.haskellstack.org/en/stable/lock_files

packages:
- completed:
    hackage: blake3-0.2@sha256:d1146b9a51ccfbb0532780778b6d016a614e3d44c05d8c1923dde9a8be869045,2448
    pantry-tree:
      size: 1433
      sha256: 0264ef3e7919e7b0d668c4153f6ce0d88e6965626b52d9dfd2cafd70309501d3
  original:
    hackage: blake3-0.2@sha256:d1146b9a51ccfbb0532780778b6d016a614e3d44c05d8c1923dde9a8be869045,2448
snapshots:
- completed:
    size: 617433
    url: https://raw.githubusercontent.com/commercialhaskell/stackage-snapshots/master/nightly/2022/7/18.yaml
    sha256: f2139afc570b01a345b23e3644eb88b3cb43c94ca83454a0abfa9f0476b552e6
  original: nightly-2022-07-18
